
Microsoft Visual Studio Solution File, Format Version 12.00
# Visual Studio Version 17
VisualStudioVersion = 17.2.32516.85
MinimumVisualStudioVersion = 10.0.40219.1
Project("{FAE04EC0-301F-11D3-BF4B-00C04F79EFBC}") = "ObjectPoolExample", "ObjectPoolExample.csproj", "{9F3C0980-A734-4870-A10F-C793FBD66771}"
EndProject
Global
	GlobalSection(SolutionConfigurationPlatforms) = preSolution
		Debug|Any CPU = Debug|Any CPU
		Release|Any CPU = Release|Any CPU
	EndGlobalSection
	GlobalSection(ProjectConfigurationPlatforms) = postSolution
		{9F3C0980-A734-4870-A10F-C793FBD66771}.Debug|Any CPU.ActiveCfg = Debug|Any CPU
		{9F3C0980-A734-4870-A10F-C793FBD66771}.Debug|Any CPU.Build.0 = Debug|Any CPU
		{9F3C0980-A734-4870-A10F-C793FBD66771}.Release|Any CPU.ActiveCfg = Release|Any CPU
		{9F3C0980-A734-4870-A10F-C793FBD66771}.Release|Any CPU.Build.0 = Release|Any CPU
	EndGlobalSection
	GlobalSection(SolutionProperties) = preSolution
		HideSolutionNode = FALSE
	EndGlobalSection
	GlobalSection(ExtensibilityGlobals) = postSolution
		SolutionGuid = {409496DF-7A45-4545-87B6-BF18E26B4CAF}
	EndGlobalSection
EndGlobal
